
Microsoft Visual Studio Solution File, Format Version 12.00
# Visual Studio 2012
Project("{F184B08F-C81C-45F6-A57F-5ABD9991F28F}") = "WebCam 2017", "WebCam 2017\WebCam 2017.vbproj", "{A550A6B4-D2E2-42C8-AFC3-C168A061E3B9}"
EndProject
Global
	GlobalSection(SolutionConfigurationPlatforms) = preSolution
		Debug|Any CPU = Debug|Any CPU
		Release|Any CPU = Release|Any CPU
	EndGlobalSection
	GlobalSection(ProjectConfigurationPlatforms) = postSolution
		{A550A6B4-D2E2-42C8-AFC3-C168A061E3B9}.Debug|Any CPU.ActiveCfg = Debug|Any CPU
		{A550A6B4-D2E2-42C8-AFC3-C168A061E3B9}.Debug|Any CPU.Build.0 = Debug|Any CPU
		{A550A6B4-D2E2-42C8-AFC3-C168A061E3B9}.Release|Any CPU.ActiveCfg = Release|Any CPU
		{A550A6B4-D2E2-42C8-AFC3-C168A061E3B9}.Release|Any CPU.Build.0 = Release|Any CPU
	EndGlobalSection
	GlobalSection(SolutionProperties) = preSolution
		HideSolutionNode = FALSE
	EndGlobalSection
EndGlobal
